{
  "name": "wasmparser",
  "version": "0.8.0",
  "lockfileVersion": 1,
  "requires": true,
  "dependencies": {
    "@types/node": {
      "version": "7.0.52",
      "resolved": "https://registry.npmjs.org/@types/node/-/node-7.0.52.tgz",
      "integrity": "sha512-jjpyQsKGsOF/wUElNjfPULk+d8PKvJOIXk3IUeBYYmNCy5dMWfrI+JiixYNw8ppKOlcRwWTXFl0B+i5oGrf95Q=="
    },
    "typescript": {
      "version": "2.7.1",
      "resolved": "https://registry.npmjs.org/typescript/-/typescript-2.7.1.tgz",
      "integrity": "sha512-bqB1yS6o9TNA9ZC/MJxM0FZzPnZdtHj0xWK/IZ5khzVqdpGul/R/EIiHRgFXlwTD7PSIaYVnGKq1QgMCu2mnqw==",
      "dev": true
    }
  }
}
